
Microsoft Visual Studio Solution File, Format Version 12.00
# Visual Studio Version 17
VisualStudioVersion = 17.2.32519.379
MinimumVisualStudioVersion = 10.0.40219.1
Project("{9A19103F-16F7-4668-BE54-9A1E7A4F7556}") = "Leebruce.Api", "Leebruce.Api\Leebruce.Api.csproj", "{025C41AC-E2AA-44BB-9422-3D7BDBDADB39}"
EndProject
Project("{9A19103F-16F7-4668-BE54-9A1E7A4F7556}") = "Leebruce.Domain", "Leebruce.Domain\Leebruce.Domain.csproj", "{78569AE5-9EB4-4AA8-ACAB-A67BE99240CC}"
EndProject
Project("{54A90642-561A-4BB1-A94E-469ADEE60C69}") = "Leebruce.AngularClient", "Leebruce.AngularClient\Leebruce.AngularClient.esproj", "{8374F704-88C0-4913-91CC-A411A8C56ACD}"
EndProject
Global
	GlobalSection(SolutionConfigurationPlatforms) = preSolution
		Debug|Any CPU = Debug|Any CPU
		Release|Any CPU = Release|Any CPU
	EndGlobalSection
	GlobalSection(ProjectConfigurationPlatforms) = postSolution
		{025C41AC-E2AA-44BB-9422-3D7BDBDADB39}.Debug|Any CPU.ActiveCfg = Debug|Any CPU
		{025C41AC-E2AA-44BB-9422-3D7BDBDADB39}.Debug|Any CPU.Build.0 = Debug|Any CPU
		{025C41AC-E2AA-44BB-9422-3D7BDBDADB39}.Release|Any CPU.ActiveCfg = Release|Any CPU
		{025C41AC-E2AA-44BB-9422-3D7BDBDADB39}.Release|Any CPU.Build.0 = Release|Any CPU
		{78569AE5-9EB4-4AA8-ACAB-A67BE99240CC}.Debug|Any CPU.ActiveCfg = Debug|Any CPU
		{78569AE5-9EB4-4AA8-ACAB-A67BE99240CC}.Debug|Any CPU.Build.0 = Debug|Any CPU
		{78569AE5-9EB4-4AA8-ACAB-A67BE99240CC}.Release|Any CPU.ActiveCfg = Release|Any CPU
		{78569AE5-9EB4-4AA8-ACAB-A67BE99240CC}.Release|Any CPU.Build.0 = Release|Any CPU
		{8374F704-88C0-4913-91CC-A411A8C56ACD}.Debug|Any CPU.ActiveCfg = Debug|Any CPU
		{8374F704-88C0-4913-91CC-A411A8C56ACD}.Debug|Any CPU.Build.0 = Debug|Any CPU
		{8374F704-88C0-4913-91CC-A411A8C56ACD}.Debug|Any CPU.Deploy.0 = Debug|Any CPU
		{8374F704-88C0-4913-91CC-A411A8C56ACD}.Release|Any CPU.ActiveCfg = Release|Any CPU
		{8374F704-88C0-4913-91CC-A411A8C56ACD}.Release|Any CPU.Build.0 = Release|Any CPU
		{8374F704-88C0-4913-91CC-A411A8C56ACD}.Release|Any CPU.Deploy.0 = Release|Any CPU
	EndGlobalSection
	GlobalSection(SolutionProperties) = preSolution
		HideSolutionNode = FALSE
	EndGlobalSection
	GlobalSection(ExtensibilityGlobals) = postSolution
		SolutionGuid = {9AB68778-1293-4AEA-9380-7B768495F8DE}
	EndGlobalSection
EndGlobal
